
Microsoft Visual Studio Solution File, Format Version 12.00
Project("{2150E333-8FDC-42A3-9474-1A3956D46DE8}") = "src", "src", "{4BC3B77F-DE9C-4D85-94CB-F4B4696535BE}"
EndProject
Project("{2150E333-8FDC-42A3-9474-1A3956D46DE8}") = "AT", "AT", "{429345AF-091C-4CFC-8B1C-3395BD70863D}"
	ProjectSection(SolutionItems) = preProject
		src\AT\at.bat = src\AT\at.bat
		src\AT\docker-compose.yml = src\AT\docker-compose.yml
	EndProjectSection
EndProject
Project("{FAE04EC0-301F-11D3-BF4B-00C04F79EFBC}") = "AT.NUnitTests", "src\AT\AT.NUnitTests\AT.NUnitTests.csproj", "{83425CF9-35EF-4267-A4B6-6C089DCFDBC4}"
EndProject
Project("{FAE04EC0-301F-11D3-BF4B-00C04F79EFBC}") = "AT.Common", "src\AT\AT.Common\AT.Common.csproj", "{29FF8D9B-CF1B-49F3-A606-E106F31500E9}"
EndProject
Project("{2150E333-8FDC-42A3-9474-1A3956D46DE8}") = "Taurus", "Taurus", "{909880B1-1E87-495E-BAF9-8D33EC0DD42E}"
EndProject
Project("{2150E333-8FDC-42A3-9474-1A3956D46DE8}") = "SolutionItems", "SolutionItems", "{681279D5-D108-459A-B38F-44CB8DF03982}"
	ProjectSection(SolutionItems) = preProject
		.gitignore = .gitignore
	EndProjectSection
EndProject
Project("{FAE04EC0-301F-11D3-BF4B-00C04F79EFBC}") = "AT.SpecFlowTests", "src\AT\AT.SpecFlowTests\AT.SpecFlowTests.csproj", "{230835BF-99E1-4BFB-AE9C-A5CE5E422375}"
EndProject
Project("{FAE04EC0-301F-11D3-BF4B-00C04F79EFBC}") = "AT.BDTests", "src\AT\AT.BDTests\AT.BDTests.csproj", "{0898738D-C473-466C-9BD3-8C2EC9A9D3FA}"
EndProject
Project("{FAE04EC0-301F-11D3-BF4B-00C04F79EFBC}") = "AT.PlaywrightTests", "src\AT\AT.PlaywrightTests\AT.PlaywrightTests.csproj", "{491CE818-4E96-4F13-B8FB-4C0B7CB10204}"
EndProject
Project("{2150E333-8FDC-42A3-9474-1A3956D46DE8}") = "configs", "configs", "{E30A46B1-22E0-470F-9597-36C9695E8613}"
	ProjectSection(SolutionItems) = preProject
		src\Taurus\configs\bd-tests.yaml = src\Taurus\configs\bd-tests.yaml
		src\Taurus\configs\nunit-tests.yaml = src\Taurus\configs\nunit-tests.yaml
		src\Taurus\configs\playwright-tests.yaml = src\Taurus\configs\playwright-tests.yaml
		src\Taurus\configs\specflow-tests.yaml = src\Taurus\configs\specflow-tests.yaml
	EndProjectSection
EndProject
Project("{2150E333-8FDC-42A3-9474-1A3956D46DE8}") = "RobotFramework", "RobotFramework", "{990478BC-A701-4903-A64D-88E91A019A59}"
	ProjectSection(SolutionItems) = preProject
		src\RobotFramework\at_random_test.robot = src\RobotFramework\at_random_test.robot
		src\RobotFramework\at_remote.robot = src\RobotFramework\at_remote.robot
		src\RobotFramework\atclient.py = src\RobotFramework\atclient.py
		src\RobotFramework\AtclientLibrary.py = src\RobotFramework\AtclientLibrary.py
		src\RobotFramework\AtclientLibraryNet.py = src\RobotFramework\AtclientLibraryNet.py
		src\RobotFramework\requirements.txt = src\RobotFramework\requirements.txt
		src\RobotFramework\at_random_test_net.robot = src\RobotFramework\at_random_test_net.robot
	EndProjectSection
EndProject
Project("{FAE04EC0-301F-11D3-BF4B-00C04F79EFBC}") = "AT.NUnitTests.NET5", "src\AT\AT.NUnitTests.NET5\AT.NUnitTests.NET5.csproj", "{ACD87103-5FB5-4997-9883-2E65E891E80E}"
EndProject
Global
	GlobalSection(SolutionConfigurationPlatforms) = preSolution
		Debug|Any CPU = Debug|Any CPU
		Release|Any CPU = Release|Any CPU
	EndGlobalSection
	GlobalSection(NestedProjects) = preSolution
		{429345AF-091C-4CFC-8B1C-3395BD70863D} = {4BC3B77F-DE9C-4D85-94CB-F4B4696535BE}
		{83425CF9-35EF-4267-A4B6-6C089DCFDBC4} = {429345AF-091C-4CFC-8B1C-3395BD70863D}
		{29FF8D9B-CF1B-49F3-A606-E106F31500E9} = {429345AF-091C-4CFC-8B1C-3395BD70863D}
		{909880B1-1E87-495E-BAF9-8D33EC0DD42E} = {4BC3B77F-DE9C-4D85-94CB-F4B4696535BE}
		{230835BF-99E1-4BFB-AE9C-A5CE5E422375} = {429345AF-091C-4CFC-8B1C-3395BD70863D}
		{0898738D-C473-466C-9BD3-8C2EC9A9D3FA} = {429345AF-091C-4CFC-8B1C-3395BD70863D}
		{491CE818-4E96-4F13-B8FB-4C0B7CB10204} = {429345AF-091C-4CFC-8B1C-3395BD70863D}
		{E30A46B1-22E0-470F-9597-36C9695E8613} = {909880B1-1E87-495E-BAF9-8D33EC0DD42E}
		{990478BC-A701-4903-A64D-88E91A019A59} = {4BC3B77F-DE9C-4D85-94CB-F4B4696535BE}
		{ACD87103-5FB5-4997-9883-2E65E891E80E} = {429345AF-091C-4CFC-8B1C-3395BD70863D}
	EndGlobalSection
	GlobalSection(ProjectConfigurationPlatforms) = postSolution
		{83425CF9-35EF-4267-A4B6-6C089DCFDBC4}.Debug|Any CPU.ActiveCfg = Debug|Any CPU
		{83425CF9-35EF-4267-A4B6-6C089DCFDBC4}.Debug|Any CPU.Build.0 = Debug|Any CPU
		{83425CF9-35EF-4267-A4B6-6C089DCFDBC4}.Release|Any CPU.ActiveCfg = Release|Any CPU
		{83425CF9-35EF-4267-A4B6-6C089DCFDBC4}.Release|Any CPU.Build.0 = Release|Any CPU
		{29FF8D9B-CF1B-49F3-A606-E106F31500E9}.Debug|Any CPU.ActiveCfg = Debug|Any CPU
		{29FF8D9B-CF1B-49F3-A606-E106F31500E9}.Debug|Any CPU.Build.0 = Debug|Any CPU
		{29FF8D9B-CF1B-49F3-A606-E106F31500E9}.Release|Any CPU.ActiveCfg = Release|Any CPU
		{29FF8D9B-CF1B-49F3-A606-E106F31500E9}.Release|Any CPU.Build.0 = Release|Any CPU
		{230835BF-99E1-4BFB-AE9C-A5CE5E422375}.Debug|Any CPU.ActiveCfg = Debug|Any CPU
		{230835BF-99E1-4BFB-AE9C-A5CE5E422375}.Debug|Any CPU.Build.0 = Debug|Any CPU
		{230835BF-99E1-4BFB-AE9C-A5CE5E422375}.Release|Any CPU.ActiveCfg = Release|Any CPU
		{230835BF-99E1-4BFB-AE9C-A5CE5E422375}.Release|Any CPU.Build.0 = Release|Any CPU
		{0898738D-C473-466C-9BD3-8C2EC9A9D3FA}.Debug|Any CPU.ActiveCfg = Debug|Any CPU
		{0898738D-C473-466C-9BD3-8C2EC9A9D3FA}.Debug|Any CPU.Build.0 = Debug|Any CPU
		{0898738D-C473-466C-9BD3-8C2EC9A9D3FA}.Release|Any CPU.ActiveCfg = Release|Any CPU
		{0898738D-C473-466C-9BD3-8C2EC9A9D3FA}.Release|Any CPU.Build.0 = Release|Any CPU
		{491CE818-4E96-4F13-B8FB-4C0B7CB10204}.Debug|Any CPU.ActiveCfg = Debug|Any CPU
		{491CE818-4E96-4F13-B8FB-4C0B7CB10204}.Debug|Any CPU.Build.0 = Debug|Any CPU
		{491CE818-4E96-4F13-B8FB-4C0B7CB10204}.Release|Any CPU.ActiveCfg = Release|Any CPU
		{491CE818-4E96-4F13-B8FB-4C0B7CB10204}.Release|Any CPU.Build.0 = Release|Any CPU
		{ACD87103-5FB5-4997-9883-2E65E891E80E}.Debug|Any CPU.ActiveCfg = Debug|Any CPU
		{ACD87103-5FB5-4997-9883-2E65E891E80E}.Debug|Any CPU.Build.0 = Debug|Any CPU
		{ACD87103-5FB5-4997-9883-2E65E891E80E}.Release|Any CPU.ActiveCfg = Release|Any CPU
		{ACD87103-5FB5-4997-9883-2E65E891E80E}.Release|Any CPU.Build.0 = Release|Any CPU
	EndGlobalSection
EndGlobal
